
Microsoft Visual Studio Solution File, Format Version 12.00
# Visual Studio Version 17
VisualStudioVersion = 17.5.002.0
MinimumVisualStudioVersion = 10.0.40219.1
Project("{9A19103F-16F7-4668-BE54-9A1E7A4F7556}") = "DesafioFundamentos", "DesafioFundamentos.csproj", "{28649EA3-CFED-4DBD-9078-79FFF9DC4EAD}"
EndProject
Global
	GlobalSection(SolutionConfigurationPlatforms) = preSolution
		Debug|Any CPU = Debug|Any CPU
		Release|Any CPU = Release|Any CPU
	EndGlobalSection
	GlobalSection(ProjectConfigurationPlatforms) = postSolution
		{28649EA3-CFED-4DBD-9078-79FFF9DC4EAD}.Debug|Any CPU.ActiveCfg = Debug|Any CPU
		{28649EA3-CFED-4DBD-9078-79FFF9DC4EAD}.Debug|Any CPU.Build.0 = Debug|Any CPU
		{28649EA3-CFED-4DBD-9078-79FFF9DC4EAD}.Release|Any CPU.ActiveCfg = Release|Any CPU
		{28649EA3-CFED-4DBD-9078-79FFF9DC4EAD}.Release|Any CPU.Build.0 = Release|Any CPU
	EndGlobalSection
	GlobalSection(SolutionProperties) = preSolution
		HideSolutionNode = FALSE
	EndGlobalSection
	GlobalSection(ExtensibilityGlobals) = postSolution
		SolutionGuid = {557D78D8-59D5-469E-BF24-1BFF04E08A08}
	EndGlobalSection
EndGlobal
